{
  "name": "SoccerFantasy",
  "lockfileVersion": 3,
  "requires": true,
  "packages": {
    "": {
      "dependencies": {
        "flag-icons": "^6.13.2"
      }
    },
    "node_modules/flag-icons": {
      "version": "6.13.2",
      "resolved": "https://registry.npmjs.org/flag-icons/-/flag-icons-6.13.2.tgz",
      "integrity": "sha512-nOkZm5dlctPgTH2R2c8AMsaxMzgsOhiLVdzSlfsyIEszlvJNClWcCWkXJ72shtN0ynCkr3lPtDGom0jKb3aMhw=="
    }
  }
}
